
Microsoft Visual Studio Solution File, Format Version 12.00
# Visual Studio Version 16
VisualStudioVersion = 16.0.30709.64
MinimumVisualStudioVersion = 10.0.40219.1
Project("{FAE04EC0-301F-11D3-BF4B-00C04F79EFBC}") = "RazorTestLibrary", "RazorTestLibrary\RazorTestLibrary.csproj", "{9325877A-0EBA-4463-8CE5-51C37BC0DD95}"
EndProject
Project("{FAE04EC0-301F-11D3-BF4B-00C04F79EFBC}") = "RazorTestLibrary.Tests", "RazorTestLibrary.Tests\RazorTestLibrary.Tests.csproj", "{2C5D38A4-99CC-4816-ADE3-4FE5F5D087A8}"
EndProject
Global
	GlobalSection(SolutionConfigurationPlatforms) = preSolution
		Debug|Any CPU = Debug|Any CPU
		Release|Any CPU = Release|Any CPU
	EndGlobalSection
	GlobalSection(ProjectConfigurationPlatforms) = postSolution
		{9325877A-0EBA-4463-8CE5-51C37BC0DD95}.Debug|Any CPU.ActiveCfg = Debug|Any CPU
		{9325877A-0EBA-4463-8CE5-51C37BC0DD95}.Debug|Any CPU.Build.0 = Debug|Any CPU
		{9325877A-0EBA-4463-8CE5-51C37BC0DD95}.Release|Any CPU.ActiveCfg = Release|Any CPU
		{9325877A-0EBA-4463-8CE5-51C37BC0DD95}.Release|Any CPU.Build.0 = Release|Any CPU
		{2C5D38A4-99CC-4816-ADE3-4FE5F5D087A8}.Debug|Any CPU.ActiveCfg = Debug|Any CPU
		{2C5D38A4-99CC-4816-ADE3-4FE5F5D087A8}.Debug|Any CPU.Build.0 = Debug|Any CPU
		{2C5D38A4-99CC-4816-ADE3-4FE5F5D087A8}.Release|Any CPU.ActiveCfg = Release|Any CPU
		{2C5D38A4-99CC-4816-ADE3-4FE5F5D087A8}.Release|Any CPU.Build.0 = Release|Any CPU
	EndGlobalSection
	GlobalSection(SolutionProperties) = preSolution
		HideSolutionNode = FALSE
	EndGlobalSection
	GlobalSection(ExtensibilityGlobals) = postSolution
		SolutionGuid = {317EBD75-7234-48C2-BAF6-C7E79604C264}
	EndGlobalSection
EndGlobal
